
Microsoft Visual Studio Solution File, Format Version 12.00
# Visual Studio Version 17
VisualStudioVersion = 17.14.36414.22
MinimumVisualStudioVersion = 10.0.40219.1
Project("{FAE04EC0-301F-11D3-BF4B-00C04F79EFBC}") = "Task1", "Task1\Task1.csproj", "{A5EEDB37-D38C-4955-AAA9-91846E056009}"
EndProject
Project("{FAE04EC0-301F-11D3-BF4B-00C04F79EFBC}") = "Task2", "Task2\Task2.csproj", "{9464EAD9-F36E-4635-A72C-03EB0A6DD266}"
EndProject
Project("{FAE04EC0-301F-11D3-BF4B-00C04F79EFBC}") = "Task3", "Task3\Task3.csproj", "{F933D827-B402-4461-9049-82C7F1254017}"
EndProject
Project("{2150E333-8FDC-42A3-9474-1A3956D46DE8}") = "Lr22_true", "Lr22_true", "{36D591C7-65C7-A0D1-1CBC-10CDE441BDC8}"
EndProject
Project("{FAE04EC0-301F-11D3-BF4B-00C04F79EFBC}") = "Task1_22", "Task1_22\Task1_22.csproj", "{CA9198D5-F773-4163-98B2-638D50B1F836}"
EndProject
Project("{FAE04EC0-301F-11D3-BF4B-00C04F79EFBC}") = "Task2_22", "Task2_22\Task2_22.csproj", "{6B88F5C1-0E8C-4160-9E7D-0D206530DE5B}"
EndProject
Project("{FAE04EC0-301F-11D3-BF4B-00C04F79EFBC}") = "Task3_22", "Task3_22\Task3_22.csproj", "{83773A8F-799C-46C1-91A9-7D2087E77BBE}"
EndProject
Project("{2150E333-8FDC-42A3-9474-1A3956D46DE8}") = "Lr23_true", "Lr23_true", "{DA51DA84-8C92-407E-AAAC-D94A644A8406}"
EndProject
Project("{FAE04EC0-301F-11D3-BF4B-00C04F79EFBC}") = "Task1_23", "Task1_23\Task1_23.csproj", "{C6E7A558-E03E-4330-B92B-B573AEE08F1C}"
EndProject
Project("{FAE04EC0-301F-11D3-BF4B-00C04F79EFBC}") = "Task2_23", "Task2_23\Task2_23.csproj", "{31B473F9-B75F-4D73-822E-5CE3B6A9CBAC}"
EndProject
Project("{FAE04EC0-301F-11D3-BF4B-00C04F79EFBC}") = "Task3_23", "Task3_23\Task3_23.csproj", "{93555DF3-B101-49BF-A2B4-49A68F7984C5}"
EndProject
Project("{2150E333-8FDC-42A3-9474-1A3956D46DE8}") = "Lr24_true", "Lr24_true", "{C60C3998-F332-421E-89A1-1973C9A7029A}"
EndProject
Project("{FAE04EC0-301F-11D3-BF4B-00C04F79EFBC}") = "Task1_24", "Task1_24\Task1_24.csproj", "{68D607AE-8E6F-41E3-8A76-66E0BBEBB757}"
EndProject
Project("{FAE04EC0-301F-11D3-BF4B-00C04F79EFBC}") = "Task2_24", "Task2_24\Task2_24.csproj", "{1A641BC8-3C25-4B4F-B55D-F85D8407E459}"
EndProject
Project("{FAE04EC0-301F-11D3-BF4B-00C04F79EFBC}") = "Task3_24", "Task3_24\Task3_24.csproj", "{9C0A2DA3-C98B-4A8A-AAF4-1B186362121A}"
EndProject
Global
	GlobalSection(SolutionConfigurationPlatforms) = preSolution
		Debug|Any CPU = Debug|Any CPU
		Release|Any CPU = Release|Any CPU
	EndGlobalSection
	GlobalSection(ProjectConfigurationPlatforms) = postSolution
		{A5EEDB37-D38C-4955-AAA9-91846E056009}.Debug|Any CPU.ActiveCfg = Debug|Any CPU
		{A5EEDB37-D38C-4955-AAA9-91846E056009}.Debug|Any CPU.Build.0 = Debug|Any CPU
		{A5EEDB37-D38C-4955-AAA9-91846E056009}.Release|Any CPU.ActiveCfg = Release|Any CPU
		{A5EEDB37-D38C-4955-AAA9-91846E056009}.Release|Any CPU.Build.0 = Release|Any CPU
		{9464EAD9-F36E-4635-A72C-03EB0A6DD266}.Debug|Any CPU.ActiveCfg = Debug|Any CPU
		{9464EAD9-F36E-4635-A72C-03EB0A6DD266}.Debug|Any CPU.Build.0 = Debug|Any CPU
		{9464EAD9-F36E-4635-A72C-03EB0A6DD266}.Release|Any CPU.ActiveCfg = Release|Any CPU
		{9464EAD9-F36E-4635-A72C-03EB0A6DD266}.Release|Any CPU.Build.0 = Release|Any CPU
		{F933D827-B402-4461-9049-82C7F1254017}.Debug|Any CPU.ActiveCfg = Debug|Any CPU
		{F933D827-B402-4461-9049-82C7F1254017}.Debug|Any CPU.Build.0 = Debug|Any CPU
		{F933D827-B402-4461-9049-82C7F1254017}.Release|Any CPU.ActiveCfg = Release|Any CPU
		{F933D827-B402-4461-9049-82C7F1254017}.Release|Any CPU.Build.0 = Release|Any CPU
		{CA9198D5-F773-4163-98B2-638D50B1F836}.Debug|Any CPU.ActiveCfg = Debug|Any CPU
		{CA9198D5-F773-4163-98B2-638D50B1F836}.Debug|Any CPU.Build.0 = Debug|Any CPU
		{CA9198D5-F773-4163-98B2-638D50B1F836}.Release|Any CPU.ActiveCfg = Release|Any CPU
		{CA9198D5-F773-4163-98B2-638D50B1F836}.Release|Any CPU.Build.0 = Release|Any CPU
		{6B88F5C1-0E8C-4160-9E7D-0D206530DE5B}.Debug|Any CPU.ActiveCfg = Debug|Any CPU
		{6B88F5C1-0E8C-4160-9E7D-0D206530DE5B}.Debug|Any CPU.Build.0 = Debug|Any CPU
		{6B88F5C1-0E8C-4160-9E7D-0D206530DE5B}.Release|Any CPU.ActiveCfg = Release|Any CPU
		{6B88F5C1-0E8C-4160-9E7D-0D206530DE5B}.Release|Any CPU.Build.0 = Release|Any CPU
		{83773A8F-799C-46C1-91A9-7D2087E77BBE}.Debug|Any CPU.ActiveCfg = Debug|Any CPU
		{83773A8F-799C-46C1-91A9-7D2087E77BBE}.Debug|Any CPU.Build.0 = Debug|Any CPU
		{83773A8F-799C-46C1-91A9-7D2087E77BBE}.Release|Any CPU.ActiveCfg = Release|Any CPU
		{83773A8F-799C-46C1-91A9-7D2087E77BBE}.Release|Any CPU.Build.0 = Release|Any CPU
		{C6E7A558-E03E-4330-B92B-B573AEE08F1C}.Debug|Any CPU.ActiveCfg = Debug|Any CPU
		{C6E7A558-E03E-4330-B92B-B573AEE08F1C}.Debug|Any CPU.Build.0 = Debug|Any CPU
		{C6E7A558-E03E-4330-B92B-B573AEE08F1C}.Release|Any CPU.ActiveCfg = Release|Any CPU
		{C6E7A558-E03E-4330-B92B-B573AEE08F1C}.Release|Any CPU.Build.0 = Release|Any CPU
		{31B473F9-B75F-4D73-822E-5CE3B6A9CBAC}.Debug|Any CPU.ActiveCfg = Debug|Any CPU
		{31B473F9-B75F-4D73-822E-5CE3B6A9CBAC}.Debug|Any CPU.Build.0 = Debug|Any CPU
		{31B473F9-B75F-4D73-822E-5CE3B6A9CBAC}.Release|Any CPU.ActiveCfg = Release|Any CPU
		{31B473F9-B75F-4D73-822E-5CE3B6A9CBAC}.Release|Any CPU.Build.0 = Release|Any CPU
		{93555DF3-B101-49BF-A2B4-49A68F7984C5}.Debug|Any CPU.ActiveCfg = Debug|Any CPU
		{93555DF3-B101-49BF-A2B4-49A68F7984C5}.Debug|Any CPU.Build.0 = Debug|Any CPU
		{93555DF3-B101-49BF-A2B4-49A68F7984C5}.Release|Any CPU.ActiveCfg = Release|Any CPU
		{93555DF3-B101-49BF-A2B4-49A68F7984C5}.Release|Any CPU.Build.0 = Release|Any CPU
		{68D607AE-8E6F-41E3-8A76-66E0BBEBB757}.Debug|Any CPU.ActiveCfg = Debug|Any CPU
		{68D607AE-8E6F-41E3-8A76-66E0BBEBB757}.Debug|Any CPU.Build.0 = Debug|Any CPU
		{68D607AE-8E6F-41E3-8A76-66E0BBEBB757}.Release|Any CPU.ActiveCfg = Release|Any CPU
		{68D607AE-8E6F-41E3-8A76-66E0BBEBB757}.Release|Any CPU.Build.0 = Release|Any CPU
		{1A641BC8-3C25-4B4F-B55D-F85D8407E459}.Debug|Any CPU.ActiveCfg = Debug|Any CPU
		{1A641BC8-3C25-4B4F-B55D-F85D8407E459}.Debug|Any CPU.Build.0 = Debug|Any CPU
		{1A641BC8-3C25-4B4F-B55D-F85D8407E459}.Release|Any CPU.ActiveCfg = Release|Any CPU
		{1A641BC8-3C25-4B4F-B55D-F85D8407E459}.Release|Any CPU.Build.0 = Release|Any CPU
		{9C0A2DA3-C98B-4A8A-AAF4-1B186362121A}.Debug|Any CPU.ActiveCfg = Debug|Any CPU
		{9C0A2DA3-C98B-4A8A-AAF4-1B186362121A}.Debug|Any CPU.Build.0 = Debug|Any CPU
		{9C0A2DA3-C98B-4A8A-AAF4-1B186362121A}.Release|Any CPU.ActiveCfg = Release|Any CPU
		{9C0A2DA3-C98B-4A8A-AAF4-1B186362121A}.Release|Any CPU.Build.0 = Release|Any CPU
	EndGlobalSection
	GlobalSection(SolutionProperties) = preSolution
		HideSolutionNode = FALSE
	EndGlobalSection
	GlobalSection(NestedProjects) = preSolution
		{CA9198D5-F773-4163-98B2-638D50B1F836} = {36D591C7-65C7-A0D1-1CBC-10CDE441BDC8}
		{6B88F5C1-0E8C-4160-9E7D-0D206530DE5B} = {36D591C7-65C7-A0D1-1CBC-10CDE441BDC8}
		{83773A8F-799C-46C1-91A9-7D2087E77BBE} = {36D591C7-65C7-A0D1-1CBC-10CDE441BDC8}
		{C6E7A558-E03E-4330-B92B-B573AEE08F1C} = {DA51DA84-8C92-407E-AAAC-D94A644A8406}
		{31B473F9-B75F-4D73-822E-5CE3B6A9CBAC} = {DA51DA84-8C92-407E-AAAC-D94A644A8406}
		{93555DF3-B101-49BF-A2B4-49A68F7984C5} = {DA51DA84-8C92-407E-AAAC-D94A644A8406}
		{68D607AE-8E6F-41E3-8A76-66E0BBEBB757} = {C60C3998-F332-421E-89A1-1973C9A7029A}
		{1A641BC8-3C25-4B4F-B55D-F85D8407E459} = {C60C3998-F332-421E-89A1-1973C9A7029A}
		{9C0A2DA3-C98B-4A8A-AAF4-1B186362121A} = {C60C3998-F332-421E-89A1-1973C9A7029A}
	EndGlobalSection
	GlobalSection(ExtensibilityGlobals) = postSolution
		SolutionGuid = {C778FF04-82D2-41AE-8B0E-6AE4B407B3B0}
	EndGlobalSection
EndGlobal
