
Microsoft Visual Studio Solution File, Format Version 12.00
# Visual Studio Version 17
VisualStudioVersion = 17.14.36414.22 d17.14
MinimumVisualStudioVersion = 10.0.40219.1
Project("{FAE04EC0-301F-11D3-BF4B-00C04F79EFBC}") = "Task1", "Task1\Task1.csproj", "{F03F87BD-92BB-4979-9981-74907FBA7B8A}"
EndProject
Global
	GlobalSection(SolutionConfigurationPlatforms) = preSolution
		Debug|Any CPU = Debug|Any CPU
		Release|Any CPU = Release|Any CPU
	EndGlobalSection
	GlobalSection(ProjectConfigurationPlatforms) = postSolution
		{F03F87BD-92BB-4979-9981-74907FBA7B8A}.Debug|Any CPU.ActiveCfg = Debug|Any CPU
		{F03F87BD-92BB-4979-9981-74907FBA7B8A}.Debug|Any CPU.Build.0 = Debug|Any CPU
		{F03F87BD-92BB-4979-9981-74907FBA7B8A}.Release|Any CPU.ActiveCfg = Release|Any CPU
		{F03F87BD-92BB-4979-9981-74907FBA7B8A}.Release|Any CPU.Build.0 = Release|Any CPU
	EndGlobalSection
	GlobalSection(SolutionProperties) = preSolution
		HideSolutionNode = FALSE
	EndGlobalSection
	GlobalSection(ExtensibilityGlobals) = postSolution
		SolutionGuid = {CE1312E1-BA84-4B07-A09E-2751614FF4A6}
	EndGlobalSection
EndGlobal
